{"is_source_file": true, "file_id": 18, "git_revision": "60dcaf50069e67be32ee84052890cb6f39414817", "state": 1, "description": "", "external_files": [], "external_methods": [], "published": [], "classes": [], "methods": [], "calls": [], "search-terms": [], "filename": "/home/kavia/workspace/code-generation/memorymatchpro-100026-100032/memory_match_pro/post_process_status.lock", "hash": "b7eea264a73aebd06432ef6588eb3d52", "format-version": 4, "code-base-name": "default", "knowledge_revision": 36}