{"is_source_file": false, "format": "", "description": "", "external_files": [], "external_methods": [], "published": [], "classes": [], "methods": [], "calls": [], "search-terms": [], "state": 2, "file_id": 17, "knowledge_revision": 31, "git_revision": "e9365739bec01ca742e1f6299de0e784573ccf63", "filename": "/home/kavia/workspace/code-generation/memorymatchpro-100026-100032/memory_match_pro/post_process_status.lock", "hash": "9c4ed7ef73e22b872b8055bec08b8979", "format-version": 4, "code-base-name": "default", "revision_history": [{"31": "e9365739bec01ca742e1f6299de0e784573ccf63"}]}